
Microsoft Visual Studio Solution File, Format Version 12.00
# Visual Studio Version 17
VisualStudioVersion = 17.4.33205.214
MinimumVisualStudioVersion = 10.0.40219.1
Project("{FAE04EC0-301F-11D3-BF4B-00C04F79EFBC}") = "MCR-Adjudication", "MCR-Adjudication\MCR-Adjudication.csproj", "{650950B6-2F7D-4A22-9561-9E8B6D6B3746}"
EndProject
Global
	GlobalSection(SolutionConfigurationPlatforms) = preSolution
		Debug|Any CPU = Debug|Any CPU
		Release|Any CPU = Release|Any CPU
	EndGlobalSection
	GlobalSection(ProjectConfigurationPlatforms) = postSolution
		{650950B6-2F7D-4A22-9561-9E8B6D6B3746}.Debug|Any CPU.ActiveCfg = Debug|Any CPU
		{650950B6-2F7D-4A22-9561-9E8B6D6B3746}.Debug|Any CPU.Build.0 = Debug|Any CPU
		{650950B6-2F7D-4A22-9561-9E8B6D6B3746}.Release|Any CPU.ActiveCfg = Release|Any CPU
		{650950B6-2F7D-4A22-9561-9E8B6D6B3746}.Release|Any CPU.Build.0 = Release|Any CPU
	EndGlobalSection
	GlobalSection(SolutionProperties) = preSolution
		HideSolutionNode = FALSE
	EndGlobalSection
	GlobalSection(ExtensibilityGlobals) = postSolution
		SolutionGuid = {0BC0B271-8523-4155-9C31-28EF4B764EB2}
	EndGlobalSection
EndGlobal
